// !$*UTF8*$!
{
	archiveVersion = 1;
	classes = {
	};
	objectVersion = 48;
	objects = {

/* Begin PBXBuildFile section */
		F91973B91F51C430008553A0 /* GLKit.framework in Frameworks */ = {isa = PBXBuildFile; fileRef = F91973B81F51C430008553A0 /* GLKit.framework */; };
		F91973BB1F51C795008553A0 /* ApplicationServices.framework in Frameworks */ = {isa = PBXBuildFile; fileRef = F91973BA1F51C794008553A0 /* ApplicationServices.framework */; };
		F91973DE1F51CCE1008553A0 /* Cocoa.framework in Frameworks */ = {isa = PBXBuildFile; fileRef = F91973DD1F51CCE1008553A0 /* Cocoa.framework */; };
		F91973E01F51CCEB008553A0 /* QuartzCore.framework in Frameworks */ = {isa = PBXBuildFile; fileRef = F91973DF1F51CCEB008553A0 /* QuartzCore.framework */; };
		F91973E21F51CCF2008553A0 /* Foundation.framework in Frameworks */ = {isa = PBXBuildFile; fileRef = F91973E11F51CCF2008553A0 /* Foundation.framework */; };
		F91973E41F51CCFB008553A0 /* AudioToolbox.framework in Frameworks */ = {isa = PBXBuildFile; fileRef = F91973E31F51CCFB008553A0 /* AudioToolbox.framework */; };
		F91973E61F51CD00008553A0 /* OpenAL.framework in Frameworks */ = {isa = PBXBuildFile; fileRef = F91973E51F51CD00008553A0 /* OpenAL.framework */; };
		F91973E81F51CD05008553A0 /* IOKit.framework in Frameworks */ = {isa = PBXBuildFile; fileRef = F91973E71F51CD05008553A0 /* IOKit.framework */; };
		F91973EA1F51CD15008553A0 /* AppKit.framework in Frameworks */ = {isa = PBXBuildFile; fileRef = F91973E91F51CD15008553A0 /* AppKit.framework */; };
		F98EDB981F518C73009A518F /* OpenGL.framework in Frameworks */ = {isa = PBXBuildFile; fileRef = F98EDB971F518C73009A518F /* OpenGL.framework */; };
		F98EDB9A1F518C79009A518F /* GLUT.framework in Frameworks */ = {isa = PBXBuildFile; fileRef = F98EDB991F518C79009A518F /* GLUT.framework */; };
		F98EDB9C1F518CC3009A518F /* main.cpp in Sources */ = {isa = PBXBuildFile; fileRef = F98EDB9B1F518CC3009A518F /* main.cpp */; };
		F98EDC9F1F518DBF009A518F /* shader.cpp in Sources */ = {isa = PBXBuildFile; fileRef = F98EDBA11F518DB1009A518F /* shader.cpp */; };
		F98EDCA01F518DBF009A518F /* menu_init.cpp in Sources */ = {isa = PBXBuildFile; fileRef = F98EDBA51F518DB1009A518F /* menu_init.cpp */; };
		F98EDCA11F518DBF009A518F /* console.cpp in Sources */ = {isa = PBXBuildFile; fileRef = F98EDBA61F518DB1009A518F /* console.cpp */; };
		F98EDCA21F518DBF009A518F /* story.cpp in Sources */ = {isa = PBXBuildFile; fileRef = F98EDBA81F518DB1009A518F /* story.cpp */; };
		F98EDCA41F518DBF009A518F /* menu.cpp in Sources */ = {isa = PBXBuildFile; fileRef = F98EDBAA1F518DB1009A518F /* menu.cpp */; };
		F98EDCA51F518DBF009A518F /* display.cpp in Sources */ = {isa = PBXBuildFile; fileRef = F98EDBAC1F518DB2009A518F /* display.cpp */; };
		F98EDCA61F518DBF009A518F /* monster.cpp in Sources */ = {isa = PBXBuildFile; fileRef = F98EDBAD1F518DB2009A518F /* monster.cpp */; };
		F98EDCA71F518DBF009A518F /* bsptree.cpp in Sources */ = {isa = PBXBuildFile; fileRef = F98EDBAF1F518DB2009A518F /* bsptree.cpp */; };
		F98EDCAA1F518DBF009A518F /* tga.cpp in Sources */ = {isa = PBXBuildFile; fileRef = F98EDBB51F518DB2009A518F /* tga.cpp */; };
		F98EDCAC1F518DBF009A518F /* script.cpp in Sources */ = {isa = PBXBuildFile; fileRef = F98EDBB81F518DB3009A518F /* script.cpp */; };
		F98EDCAD1F518DBF009A518F /* game.cpp in Sources */ = {isa = PBXBuildFile; fileRef = F98EDBBD1F518DB3009A518F /* game.cpp */; };
		F98EDCAE1F518DBF009A518F /* objet_proc.cpp in Sources */ = {isa = PBXBuildFile; fileRef = F98EDBBE1F518DB3009A518F /* objet_proc.cpp */; };
		F98EDCAF1F518DBF009A518F /* frustrum.cpp in Sources */ = {isa = PBXBuildFile; fileRef = F98EDBC11F518DB4009A518F /* frustrum.cpp */; };
		F98EDCB01F518DBF009A518F /* camera.cpp in Sources */ = {isa = PBXBuildFile; fileRef = F98EDBC21F518DB4009A518F /* camera.cpp */; };
		F98EDCB31F518DBF009A518F /* player.cpp in Sources */ = {isa = PBXBuildFile; fileRef = F98EDBC81F518DB5009A518F /* player.cpp */; };
		F98EDCB41F518DBF009A518F /* jpeg.cpp in Sources */ = {isa = PBXBuildFile; fileRef = F98EDBC91F518DB6009A518F /* jpeg.cpp */; };
		F98EDCB61F518DBF009A518F /* textdraw.cpp in Sources */ = {isa = PBXBuildFile; fileRef = F98EDBCF1F518DB6009A518F /* textdraw.cpp */; };
		F98EDCB91F518DBF009A518F /* sorting.cpp in Sources */ = {isa = PBXBuildFile; fileRef = F98EDBD61F518DB7009A518F /* sorting.cpp */; };
		F98EDCBA1F518DBF009A518F /* filesys.cpp in Sources */ = {isa = PBXBuildFile; fileRef = F98EDBD71F518DB8009A518F /* filesys.cpp */; };
		F98EDCBB1F518DBF009A518F /* image.cpp in Sources */ = {isa = PBXBuildFile; fileRef = F98EDBD81F518DB8009A518F /* image.cpp */; };
		F98EDCBC1F518DBF009A518F /* objet.cpp in Sources */ = {isa = PBXBuildFile; fileRef = F98EDBD91F518DB8009A518F /* objet.cpp */; };
		F98EDCBD1F518DBF009A518F /* bspfile.cpp in Sources */ = {isa = PBXBuildFile; fileRef = F98EDBDB1F518DB8009A518F /* bspfile.cpp */; };
		F98EDCBE1F518DBF009A518F /* gameover.cpp in Sources */ = {isa = PBXBuildFile; fileRef = F98EDBE01F518DB9009A518F /* gameover.cpp */; };
		F98EDCBF1F518DBF009A518F /* maths.cpp in Sources */ = {isa = PBXBuildFile; fileRef = F98EDBE31F518DB9009A518F /* maths.cpp */; };
		F98EDCC01F518DBF009A518F /* alloween.cpp in Sources */ = {isa = PBXBuildFile; fileRef = F98EDBE61F518DBA009A518F /* alloween.cpp */; };
		F98EDCC11F518DBF009A518F /* mskmodel.cpp in Sources */ = {isa = PBXBuildFile; fileRef = F98EDBE91F518DBA009A518F /* mskmodel.cpp */; };
		F98EDCC21F518DBF009A518F /* timer.cpp in Sources */ = {isa = PBXBuildFile; fileRef = F98EDBEB1F518DBA009A518F /* timer.cpp */; };
		F98EDCC31F518DBF009A518F /* physic.cpp in Sources */ = {isa = PBXBuildFile; fileRef = F98EDBEC1F518DBB009A518F /* physic.cpp */; };
		F98EDCC41F518DBF009A518F /* ellipsoide.cpp in Sources */ = {isa = PBXBuildFile; fileRef = F98EDBED1F518DBB009A518F /* ellipsoide.cpp */; };
		F98EDCC51F518DBF009A518F /* menu_sel.cpp in Sources */ = {isa = PBXBuildFile; fileRef = F98EDBEF1F518DBB009A518F /* menu_sel.cpp */; };
		F98EDCC61F518DBF009A518F /* enveffect.cpp in Sources */ = {isa = PBXBuildFile; fileRef = F98EDBF01F518DBB009A518F /* enveffect.cpp */; };
		F98EDCC81F518DBF009A518F /* opengl.cpp in Sources */ = {isa = PBXBuildFile; fileRef = F98EDBF41F518DBC009A518F /* opengl.cpp */; };
		F98EDCC91F518DBF009A518F /* collision.cpp in Sources */ = {isa = PBXBuildFile; fileRef = F98EDBF51F518DBC009A518F /* collision.cpp */; };
		F98EDCCC1F518DBF009A518F /* input.cpp in Sources */ = {isa = PBXBuildFile; fileRef = F98EDBFF1F518DBD009A518F /* input.cpp */; };
		F98EDCCD1F518DBF009A518F /* interface.cpp in Sources */ = {isa = PBXBuildFile; fileRef = F98EDC001F518DBD009A518F /* interface.cpp */; };
		F98EDCCE1F518DBF009A518F /* demo.cpp in Sources */ = {isa = PBXBuildFile; fileRef = F98EDC9B1F518DBF009A518F /* demo.cpp */; };
		F98EDCD11F518DBF009A518F /* liste.cpp in Sources */ = {isa = PBXBuildFile; fileRef = F98EDC9E1F518DBF009A518F /* liste.cpp */; };
		F98EDCF41F518F16009A518F /* halloween_linux.cpp in Sources */ = {isa = PBXBuildFile; fileRef = F98EDCF21F518F15009A518F /* halloween_linux.cpp */; };
		F98EDCF91F518F43009A518F /* loadjpeg_linux.cpp in Sources */ = {isa = PBXBuildFile; fileRef = F98EDCF71F518F43009A518F /* loadjpeg_linux.cpp */; };
		F98EDCFA1F518F43009A518F /* libsound_linux.cpp in Sources */ = {isa = PBXBuildFile; fileRef = F98EDCF81F518F43009A518F /* libsound_linux.cpp */; };
		F98EDCFD1F518F4E009A518F /* net_temp_linux.cpp in Sources */ = {isa = PBXBuildFile; fileRef = F98EDCFC1F518F4D009A518F /* net_temp_linux.cpp */; };
		F99008231F51CEB8007F7D1B /* GLTextureHelper.h in Sources */ = {isa = PBXBuildFile; fileRef = F99008041F51CE7D007F7D1B /* GLTextureHelper.h */; };
		F99008241F51CEB8007F7D1B /* KBatch.h in Sources */ = {isa = PBXBuildFile; fileRef = F99008051F51CE7D007F7D1B /* KBatch.h */; };
		F99008251F51CEB8007F7D1B /* KGraphic.h in Sources */ = {isa = PBXBuildFile; fileRef = F99008061F51CE7D007F7D1B /* KGraphic.h */; };
		F99008261F51CEB8007F7D1B /* KGraphicGL.h in Sources */ = {isa = PBXBuildFile; fileRef = F99008071F51CE7D007F7D1B /* KGraphicGL.h */; };
		F99008271F51CEB8007F7D1B /* KGraphicGLLandscape.h in Sources */ = {isa = PBXBuildFile; fileRef = F99008081F51CE7D007F7D1B /* KGraphicGLLandscape.h */; };
		F99008281F51CEB8007F7D1B /* KInput.h in Sources */ = {isa = PBXBuildFile; fileRef = F99008091F51CE7D007F7D1B /* KInput.h */; };
		F99008291F51CEB8007F7D1B /* KJoypad.h in Sources */ = {isa = PBXBuildFile; fileRef = F990080A1F51CE7D007F7D1B /* KJoypad.h */; };
		F990082A1F51CEB8007F7D1B /* KLogFile.h in Sources */ = {isa = PBXBuildFile; fileRef = F990080B1F51CE7D007F7D1B /* KLogFile.h */; };
		F990082B1F51CEB8007F7D1B /* KMiscTools.h in Sources */ = {isa = PBXBuildFile; fileRef = F990080C1F51CE7D007F7D1B /* KMiscTools.h */; };
		F990082C1F51CEB8007F7D1B /* KMusic.h in Sources */ = {isa = PBXBuildFile; fileRef = F990080D1F51CE7D007F7D1B /* KMusic.h */; };
		F990082D1F51CEB8007F7D1B /* KPTK.h in Sources */ = {isa = PBXBuildFile; fileRef = F990080E1F51CE7D007F7D1B /* KPTK.h */; };
		F990082E1F51CEB8007F7D1B /* KSound.h in Sources */ = {isa = PBXBuildFile; fileRef = F990080F1F51CE7D007F7D1B /* KSound.h */; };
		F990082F1F51CEB8007F7D1B /* KSpline.h in Sources */ = {isa = PBXBuildFile; fileRef = F99008101F51CE7D007F7D1B /* KSpline.h */; };
		F99008301F51CEB8007F7D1B /* KWeb.h in Sources */ = {isa = PBXBuildFile; fileRef = F99008111F51CE7D007F7D1B /* KWeb.h */; };
		F99008311F51CEB8007F7D1B /* KWindow.h in Sources */ = {isa = PBXBuildFile; fileRef = F99008121F51CE7D007F7D1B /* KWindow.h */; };
		F99008321F51CEB8007F7D1B /* GLTextureHelper.mm in Sources */ = {isa = PBXBuildFile; fileRef = F99008141F51CE7D007F7D1B /* GLTextureHelper.mm */; };
		F99008331F51CEB8007F7D1B /* KBatchGL.cpp in Sources */ = {isa = PBXBuildFile; fileRef = F99008151F51CE7D007F7D1B /* KBatchGL.cpp */; };
		F99008341F51CEB8007F7D1B /* KGraphicGL.cpp in Sources */ = {isa = PBXBuildFile; fileRef = F99008161F51CE7D007F7D1B /* KGraphicGL.cpp */; };
		F99008351F51CEB8007F7D1B /* KGraphicGLLandscape.cpp in Sources */ = {isa = PBXBuildFile; fileRef = F99008171F51CE7D007F7D1B /* KGraphicGLLandscape.cpp */; };
		F99008361F51CEB8007F7D1B /* KInput.mm in Sources */ = {isa = PBXBuildFile; fileRef = F99008181F51CE7D007F7D1B /* KInput.mm */; };
		F99008371F51CEB8007F7D1B /* KJoypad.mm in Sources */ = {isa = PBXBuildFile; fileRef = F99008191F51CE7D007F7D1B /* KJoypad.mm */; };
		F99008381F51CEB8007F7D1B /* KLogFile.cpp in Sources */ = {isa = PBXBuildFile; fileRef = F990081A1F51CE7D007F7D1B /* KLogFile.cpp */; };
		F99008391F51CEB8007F7D1B /* KMiscTools.mm in Sources */ = {isa = PBXBuildFile; fileRef = F990081B1F51CE7D007F7D1B /* KMiscTools.mm */; };
		F990083A1F51CEB8007F7D1B /* KMusic.mm in Sources */ = {isa = PBXBuildFile; fileRef = F990081C1F51CE7D007F7D1B /* KMusic.mm */; };
		F990083B1F51CEB8007F7D1B /* KPTK.cpp in Sources */ = {isa = PBXBuildFile; fileRef = F990081D1F51CE7D007F7D1B /* KPTK.cpp */; };
		F990083C1F51CEB8007F7D1B /* KSound.mm in Sources */ = {isa = PBXBuildFile; fileRef = F990081E1F51CE7D007F7D1B /* KSound.mm */; };
		F990083D1F51CEB8007F7D1B /* KSpline.cpp in Sources */ = {isa = PBXBuildFile; fileRef = F990081F1F51CE7D007F7D1B /* KSpline.cpp */; };
		F990083E1F51CEB8007F7D1B /* KWeb.mm in Sources */ = {isa = PBXBuildFile; fileRef = F99008201F51CE7D007F7D1B /* KWeb.mm */; };
		F990083F1F51CEB8007F7D1B /* KWindow.mm in Sources */ = {isa = PBXBuildFile; fileRef = F99008211F51CE7D007F7D1B /* KWindow.mm */; };
		F99009881F51D6A0007F7D1B /* AUOutputBL.cpp in Sources */ = {isa = PBXBuildFile; fileRef = F99009131F51D5B9007F7D1B /* AUOutputBL.cpp */; };
		F99009891F51D6A0007F7D1B /* AUOutputBL.h in Sources */ = {isa = PBXBuildFile; fileRef = F99009141F51D5B9007F7D1B /* AUOutputBL.h */; };
		F990098A1F51D6A0007F7D1B /* CAStreamBasicDescription.cpp in Sources */ = {isa = PBXBuildFile; fileRef = F99009781F51D5B9007F7D1B /* CAStreamBasicDescription.cpp */; };
		F990098B1F51D6A0007F7D1B /* CAStreamBasicDescription.h in Sources */ = {isa = PBXBuildFile; fileRef = F99009791F51D5B9007F7D1B /* CAStreamBasicDescription.h */; };
		F990098C1F51D6A0007F7D1B /* CAAudioChannelLayout.cpp in Sources */ = {isa = PBXBuildFile; fileRef = F990091B1F51D5B9007F7D1B /* CAAudioChannelLayout.cpp */; };
		F990098D1F51D6A0007F7D1B /* CAAudioChannelLayout.h in Sources */ = {isa = PBXBuildFile; fileRef = F990091C1F51D5B9007F7D1B /* CAAudioChannelLayout.h */; };
		F990098E1F51D6A0007F7D1B /* CAAudioChannelLayoutObject.cpp in Sources */ = {isa = PBXBuildFile; fileRef = F990091D1F51D5B9007F7D1B /* CAAudioChannelLayoutObject.cpp */; };
		F990098F1F51D6A0007F7D1B /* CAAudioUnit.cpp in Sources */ = {isa = PBXBuildFile; fileRef = F99009221F51D5B9007F7D1B /* CAAudioUnit.cpp */; };
		F99009901F51D6A0007F7D1B /* CAAudioUnit.h in Sources */ = {isa = PBXBuildFile; fileRef = F99009231F51D5B9007F7D1B /* CAAudioUnit.h */; };
		F99009911F51D6A0007F7D1B /* CAComponent.cpp in Sources */ = {isa = PBXBuildFile; fileRef = F990094A1F51D5B9007F7D1B /* CAComponent.cpp */; };
		F99009921F51D6A0007F7D1B /* CAComponent.h in Sources */ = {isa = PBXBuildFile; fileRef = F990094B1F51D5B9007F7D1B /* CAComponent.h */; };
		F99009931F51D6A0007F7D1B /* CAComponentDescription.h in Sources */ = {isa = PBXBuildFile; fileRef = F990094D1F51D5B9007F7D1B /* CAComponentDescription.h */; };
		F99009941F51D6A0007F7D1B /* CAXException.cpp in Sources */ = {isa = PBXBuildFile; fileRef = F99009841F51D5B9007F7D1B /* CAXException.cpp */; };
		F99009951F51D6A0007F7D1B /* CAXException.h in Sources */ = {isa = PBXBuildFile; fileRef = F99009851F51D5B9007F7D1B /* CAXException.h */; };
		F99009961F51D6C3007F7D1B /* DDHidAppleRemote.h in Sources */ = {isa = PBXBuildFile; fileRef = F99008801F51D4E5007F7D1B /* DDHidAppleRemote.h */; };
		F99009971F51D6C3007F7D1B /* DDHidAppleRemote.m in Sources */ = {isa = PBXBuildFile; fileRef = F99008811F51D4E5007F7D1B /* DDHidAppleRemote.m */; };
		F99009981F51D6C3007F7D1B /* DDHidDevice.h in Sources */ = {isa = PBXBuildFile; fileRef = F99008821F51D4E5007F7D1B /* DDHidDevice.h */; };
		F99009991F51D6C3007F7D1B /* DDHidDevice.m in Sources */ = {isa = PBXBuildFile; fileRef = F99008831F51D4E5007F7D1B /* DDHidDevice.m */; };
		F990099A1F51D6C3007F7D1B /* DDHidElement.h in Sources */ = {isa = PBXBuildFile; fileRef = F99008841F51D4E5007F7D1B /* DDHidElement.h */; };
		F990099B1F51D6C3007F7D1B /* DDHidElement.m in Sources */ = {isa = PBXBuildFile; fileRef = F99008851F51D4E5007F7D1B /* DDHidElement.m */; };
		F990099C1F51D6C3007F7D1B /* DDHidEvent.h in Sources */ = {isa = PBXBuildFile; fileRef = F99008861F51D4E5007F7D1B /* DDHidEvent.h */; };
		F990099D1F51D6C3007F7D1B /* DDHidEvent.m in Sources */ = {isa = PBXBuildFile; fileRef = F99008871F51D4E5007F7D1B /* DDHidEvent.m */; };
		F990099E1F51D6C3007F7D1B /* DDHidJoystick.h in Sources */ = {isa = PBXBuildFile; fileRef = F99008881F51D4E5007F7D1B /* DDHidJoystick.h */; };
		F990099F1F51D6C3007F7D1B /* DDHidJoystick.m in Sources */ = {isa = PBXBuildFile; fileRef = F99008891F51D4E5007F7D1B /* DDHidJoystick.m */; };
		F99009A01F51D6C3007F7D1B /* DDHidKeyboard.h in Sources */ = {isa = PBXBuildFile; fileRef = F990088A1F51D4E5007F7D1B /* DDHidKeyboard.h */; };
		F99009A11F51D6C3007F7D1B /* DDHidKeyboard.m in Sources */ = {isa = PBXBuildFile; fileRef = F990088B1F51D4E5007F7D1B /* DDHidKeyboard.m */; };
		F99009A21F51D6C3007F7D1B /* DDHidKeyboardBarcodeScanner.h in Sources */ = {isa = PBXBuildFile; fileRef = F990088C1F51D4E5007F7D1B /* DDHidKeyboardBarcodeScanner.h */; };
		F99009A31F51D6C3007F7D1B /* DDHidKeyboardBarcodeScanner.m in Sources */ = {isa = PBXBuildFile; fileRef = F990088D1F51D4E5007F7D1B /* DDHidKeyboardBarcodeScanner.m */; };
		F99009A41F51D6C3007F7D1B /* DDHidLib.h in Sources */ = {isa = PBXBuildFile; fileRef = F990088E1F51D4E5007F7D1B /* DDHidLib.h */; };
		F99009A51F51D6C3007F7D1B /* DDHidMouse.h in Sources */ = {isa = PBXBuildFile; fileRef = F990088F1F51D4E5007F7D1B /* DDHidMouse.h */; };
		F99009A61F51D6C3007F7D1B /* DDHidMouse.m in Sources */ = {isa = PBXBuildFile; fileRef = F99008901F51D4E5007F7D1B /* DDHidMouse.m */; };
		F99009A71F51D6C3007F7D1B /* DDHidQueue.h in Sources */ = {isa = PBXBuildFile; fileRef = F99008911F51D4E5007F7D1B /* DDHidQueue.h */; };
		F99009A81F51D6C3007F7D1B /* DDHidQueue.m in Sources */ = {isa = PBXBuildFile; fileRef = F99008921F51D4E5007F7D1B /* DDHidQueue.m */; };
		F99009A91F51D6C3007F7D1B /* DDHidStandardUsages.plist in Sources */ = {isa = PBXBuildFile; fileRef = F99008931F51D4E5007F7D1B /* DDHidStandardUsages.plist */; };
		F99009AA1F51D6C3007F7D1B /* DDHidUsage.h in Sources */ = {isa = PBXBuildFile; fileRef = F99008941F51D4E5007F7D1B /* DDHidUsage.h */; };
		F99009AB1F51D6C3007F7D1B /* DDHidUsage.m in Sources */ = {isa = PBXBuildFile; fileRef = F99008951F51D4E5007F7D1B /* DDHidUsage.m */; };
		F99009AC1F51D6C3007F7D1B /* DDHidUsageTables.h in Sources */ = {isa = PBXBuildFile; fileRef = F99008961F51D4E5007F7D1B /* DDHidUsageTables.h */; };
		F99009AD1F51D6C3007F7D1B /* DDHidUsageTables.m in Sources */ = {isa = PBXBuildFile; fileRef = F99008971F51D4E5007F7D1B /* DDHidUsageTables.m */; };
		F99009AE1F51D6C3007F7D1B /* NSDictionary+DDHidExtras.h in Sources */ = {isa = PBXBuildFile; fileRef = F99008981F51D4E5007F7D1B /* NSDictionary+DDHidExtras.h */; };
		F99009AF1F51D6C3007F7D1B /* NSDictionary+DDHidExtras.m in Sources */ = {isa = PBXBuildFile; fileRef = F99008991F51D4E5007F7D1B /* NSDictionary+DDHidExtras.m */; };
		F99009B01F51D6C3007F7D1B /* NSXReturnThrowError.h in Sources */ = {isa = PBXBuildFile; fileRef = F990089B1F51D4E5007F7D1B /* NSXReturnThrowError.h */; };
		F99009B11F51D6C3007F7D1B /* NSXReturnThrowError.m in Sources */ = {isa = PBXBuildFile; fileRef = F990089C1F51D4E5007F7D1B /* NSXReturnThrowError.m */; };
		F99009B31F51D6FA007F7D1B /* CAComponentDescription.cpp in Sources */ = {isa = PBXBuildFile; fileRef = F99009B21F51D6FA007F7D1B /* CAComponentDescription.cpp */; };
/* End PBXBuildFile section */

/* Begin PBXCopyFilesBuildPhase section */
		F98EDB8A1F518C2D009A518F /* CopyFiles */ = {
			isa = PBXCopyFilesBuildPhase;
			buildActionMask = 2147483647;
			dstPath = /usr/share/man/man1/;
			dstSubfolderSpec = 0;
			files = (
			);
			runOnlyForDeploymentPostprocessing = 1;
		};
/* End PBXCopyFilesBuildPhase section */

/* Begin PBXFileReference section */
		F91973B81F51C430008553A0 /* GLKit.framework */ = {isa = PBXFileReference; lastKnownFileType = wrapper.framework; name = GLKit.framework; path = System/Library/Frameworks/GLKit.framework; sourceTree = SDKROOT; };
		F91973BA1F51C794008553A0 /* ApplicationServices.framework */ = {isa = PBXFileReference; lastKnownFileType = wrapper.framework; name = ApplicationServices.framework; path = System/Library/Frameworks/ApplicationServices.framework; sourceTree = SDKROOT; };
		F91973BC1F51C988008553A0 /* libbass.a */ = {isa = PBXFileReference; lastKnownFileType = archive.ar; name = libbass.a; path = ../misc/libbass.a; sourceTree = "<group>"; };
		F91973DD1F51CCE1008553A0 /* Cocoa.framework */ = {isa = PBXFileReference; lastKnownFileType = wrapper.framework; name = Cocoa.framework; path = System/Library/Frameworks/Cocoa.framework; sourceTree = SDKROOT; };
		F91973DF1F51CCEB008553A0 /* QuartzCore.framework */ = {isa = PBXFileReference; lastKnownFileType = wrapper.framework; name = QuartzCore.framework; path = System/Library/Frameworks/QuartzCore.framework; sourceTree = SDKROOT; };
		F91973E11F51CCF2008553A0 /* Foundation.framework */ = {isa = PBXFileReference; lastKnownFileType = wrapper.framework; name = Foundation.framework; path = System/Library/Frameworks/Foundation.framework; sourceTree = SDKROOT; };
		F91973E31F51CCFB008553A0 /* AudioToolbox.framework */ = {isa = PBXFileReference; lastKnownFileType = wrapper.framework; name = AudioToolbox.framework; path = System/Library/Frameworks/AudioToolbox.framework; sourceTree = SDKROOT; };
		F91973E51F51CD00008553A0 /* OpenAL.framework */ = {isa = PBXFileReference; lastKnownFileType = wrapper.framework; name = OpenAL.framework; path = System/Library/Frameworks/OpenAL.framework; sourceTree = SDKROOT; };
		F91973E71F51CD05008553A0 /* IOKit.framework */ = {isa = PBXFileReference; lastKnownFileType = wrapper.framework; name = IOKit.framework; path = System/Library/Frameworks/IOKit.framework; sourceTree = SDKROOT; };
		F91973E91F51CD15008553A0 /* AppKit.framework */ = {isa = PBXFileReference; lastKnownFileType = wrapper.framework; name = AppKit.framework; path = System/Library/Frameworks/AppKit.framework; sourceTree = SDKROOT; };
		F98EDB8C1F518C2D009A518F /* Halloween3D */ = {isa = PBXFileReference; explicitFileType = "compiled.mach-o.executable"; includeInIndex = 0; path = Halloween3D; sourceTree = BUILT_PRODUCTS_DIR; };
		F98EDB971F518C73009A518F /* OpenGL.framework */ = {isa = PBXFileReference; lastKnownFileType = wrapper.framework; name = OpenGL.framework; path = System/Library/Frameworks/OpenGL.framework; sourceTree = SDKROOT; };
		F98EDB991F518C79009A518F /* GLUT.framework */ = {isa = PBXFileReference; lastKnownFileType = wrapper.framework; name = GLUT.framework; path = System/Library/Frameworks/GLUT.framework; sourceTree = SDKROOT; };
		F98EDB9B1F518CC3009A518F /* main.cpp */ = {isa = PBXFileReference; lastKnownFileType = sourcecode.cpp.cpp; name = main.cpp; path = Halloween/main.cpp; sourceTree = SOURCE_ROOT; };
		F98EDBA11F518DB1009A518F /* shader.cpp */ = {isa = PBXFileReference; lastKnownFileType = sourcecode.cpp.cpp; name = shader.cpp; path = ../../shader.cpp; sourceTree = "<group>"; };
		F98EDBA31F518DB1009A518F /* menu.h */ = {isa = PBXFileReference; lastKnownFileType = sourcecode.c.h; name = menu.h; path = ../../menu.h; sourceTree = "<group>"; };
		F98EDBA51F518DB1009A518F /* menu_init.cpp */ = {isa = PBXFileReference; lastKnownFileType = sourcecode.cpp.cpp; name = menu_init.cpp; path = ../../menu_init.cpp; sourceTree = "<group>"; };
		F98EDBA61F518DB1009A518F /* console.cpp */ = {isa = PBXFileReference; lastKnownFileType = sourcecode.cpp.cpp; name = console.cpp; path = ../../console.cpp; sourceTree = "<group>"; };
		F98EDBA71F518DB1009A518F /* sorting.h */ = {isa = PBXFileReference; lastKnownFileType = sourcecode.c.h; name = sorting.h; path = ../../sorting.h; sourceTree = "<group>"; };
		F98EDBA81F518DB1009A518F /* story.cpp */ = {isa = PBXFileReference; lastKnownFileType = sourcecode.cpp.cpp; name = story.cpp; path = ../../story.cpp; sourceTree = "<group>"; };
		F98EDBAA1F518DB1009A518F /* menu.cpp */ = {isa = PBXFileReference; lastKnownFileType = sourcecode.cpp.cpp; name = menu.cpp; path = ../../menu.cpp; sourceTree = "<group>"; };
		F98EDBAB1F518DB2009A518F /* tga.h */ = {isa = PBXFileReference; lastKnownFileType = sourcecode.c.h; name = tga.h; path = ../../tga.h; sourceTree = "<group>"; };
		F98EDBAC1F518DB2009A518F /* display.cpp */ = {isa = PBXFileReference; lastKnownFileType = sourcecode.cpp.cpp; name = display.cpp; path = ../../display.cpp; sourceTree = "<group>"; };
		F98EDBAD1F518DB2009A518F /* monster.cpp */ = {isa = PBXFileReference; lastKnownFileType = sourcecode.cpp.cpp; name = monster.cpp; path = ../../monster.cpp; sourceTree = "<group>"; };
		F98EDBAE1F518DB2009A518F /* shader.h */ = {isa = PBXFileReference; lastKnownFileType = sourcecode.c.h; name = shader.h; path = ../../shader.h; sourceTree = "<group>"; };
		F98EDBAF1F518DB2009A518F /* bsptree.cpp */ = {isa = PBXFileReference; lastKnownFileType = sourcecode.cpp.cpp; name = bsptree.cpp; path = ../../bsptree.cpp; sourceTree = "<group>"; };
		F98EDBB01F518DB2009A518F /* script.h */ = {isa = PBXFileReference; lastKnownFileType = sourcecode.c.h; name = script.h; path = ../../script.h; sourceTree = "<group>"; };
		F98EDBB41F518DB2009A518F /* timer.h */ = {isa = PBXFileReference; lastKnownFileType = sourcecode.c.h; name = timer.h; path = ../../timer.h; sourceTree = "<group>"; };
		F98EDBB51F518DB2009A518F /* tga.cpp */ = {isa = PBXFileReference; lastKnownFileType = sourcecode.cpp.cpp; name = tga.cpp; path = ../../tga.cpp; sourceTree = "<group>"; };
		F98EDBB81F518DB3009A518F /* script.cpp */ = {isa = PBXFileReference; lastKnownFileType = sourcecode.cpp.cpp; name = script.cpp; path = ../../script.cpp; sourceTree = "<group>"; };
		F98EDBB91F518DB3009A518F /* bsptree.h */ = {isa = PBXFileReference; lastKnownFileType = sourcecode.c.h; name = bsptree.h; path = ../../bsptree.h; sourceTree = "<group>"; };
		F98EDBBA1F518DB3009A518F /* maths.h */ = {isa = PBXFileReference; lastKnownFileType = sourcecode.c.h; name = maths.h; path = ../../maths.h; sourceTree = "<group>"; };
		F98EDBBB1F518DB3009A518F /* ellipsoide.h */ = {isa = PBXFileReference; lastKnownFileType = sourcecode.c.h; name = ellipsoide.h; path = ../../ellipsoide.h; sourceTree = "<group>"; };
		F98EDBBD1F518DB3009A518F /* game.cpp */ = {isa = PBXFileReference; lastKnownFileType = sourcecode.cpp.cpp; name = game.cpp; path = ../../game.cpp; sourceTree = "<group>"; };
		F98EDBBE1F518DB3009A518F /* objet_proc.cpp */ = {isa = PBXFileReference; lastKnownFileType = sourcecode.cpp.cpp; name = objet_proc.cpp; path = ../../objet_proc.cpp; sourceTree = "<group>"; };
		F98EDBBF1F518DB4009A518F /* physic.h */ = {isa = PBXFileReference; lastKnownFileType = sourcecode.c.h; name = physic.h; path = ../../physic.h; sourceTree = "<group>"; };
		F98EDBC11F518DB4009A518F /* frustrum.cpp */ = {isa = PBXFileReference; lastKnownFileType = sourcecode.cpp.cpp; name = frustrum.cpp; path = ../../frustrum.cpp; sourceTree = "<group>"; };
		F98EDBC21F518DB4009A518F /* camera.cpp */ = {isa = PBXFileReference; lastKnownFileType = sourcecode.cpp.cpp; name = camera.cpp; path = ../../camera.cpp; sourceTree = "<group>"; };
		F98EDBC51F518DB5009A518F /* console.h */ = {isa = PBXFileReference; lastKnownFileType = sourcecode.c.h; name = console.h; path = ../../console.h; sourceTree = "<group>"; };
		F98EDBC61F518DB5009A518F /* opengl.h */ = {isa = PBXFileReference; lastKnownFileType = sourcecode.c.h; name = opengl.h; path = ../../opengl.h; sourceTree = "<group>"; };
		F98EDBC81F518DB5009A518F /* player.cpp */ = {isa = PBXFileReference; lastKnownFileType = sourcecode.cpp.cpp; name = player.cpp; path = ../../player.cpp; sourceTree = "<group>"; };
		F98EDBC91F518DB6009A518F /* jpeg.cpp */ = {isa = PBXFileReference; lastKnownFileType = sourcecode.cpp.cpp; name = jpeg.cpp; path = ../../jpeg.cpp; sourceTree = "<group>"; };
		F98EDBCA1F518DB6009A518F /* objet.h */ = {isa = PBXFileReference; lastKnownFileType = sourcecode.c.h; name = objet.h; path = ../../objet.h; sourceTree = "<group>"; };
		F98EDBCB1F518DB6009A518F /* interface.h */ = {isa = PBXFileReference; lastKnownFileType = sourcecode.c.h; name = interface.h; path = ../../interface.h; sourceTree = "<group>"; };
		F98EDBCC1F518DB6009A518F /* resource.h */ = {isa = PBXFileReference; lastKnownFileType = sourcecode.c.h; name = resource.h; path = ../../resource.h; sourceTree = "<group>"; };
		F98EDBCF1F518DB6009A518F /* textdraw.cpp */ = {isa = PBXFileReference; lastKnownFileType = sourcecode.cpp.cpp; name = textdraw.cpp; path = ../../textdraw.cpp; sourceTree = "<group>"; };
		F98EDBD11F518DB7009A518F /* input.h */ = {isa = PBXFileReference; lastKnownFileType = sourcecode.c.h; name = input.h; path = ../../input.h; sourceTree = "<group>"; };
		F98EDBD31F518DB7009A518F /* frustrum.h */ = {isa = PBXFileReference; lastKnownFileType = sourcecode.c.h; name = frustrum.h; path = ../../frustrum.h; sourceTree = "<group>"; };
		F98EDBD41F518DB7009A518F /* display.h */ = {isa = PBXFileReference; lastKnownFileType = sourcecode.c.h; name = display.h; path = ../../display.h; sourceTree = "<group>"; };
		F98EDBD51F518DB7009A518F /* bspfile.h */ = {isa = PBXFileReference; lastKnownFileType = sourcecode.c.h; name = bspfile.h; path = ../../bspfile.h; sourceTree = "<group>"; };
		F98EDBD61F518DB7009A518F /* sorting.cpp */ = {isa = PBXFileReference; lastKnownFileType = sourcecode.cpp.cpp; name = sorting.cpp; path = ../../sorting.cpp; sourceTree = "<group>"; };
		F98EDBD71F518DB8009A518F /* filesys.cpp */ = {isa = PBXFileReference; lastKnownFileType = sourcecode.cpp.cpp; name = filesys.cpp; path = ../../filesys.cpp; sourceTree = "<group>"; };
		F98EDBD81F518DB8009A518F /* image.cpp */ = {isa = PBXFileReference; lastKnownFileType = sourcecode.cpp.cpp; name = image.cpp; path = ../../image.cpp; sourceTree = "<group>"; };
		F98EDBD91F518DB8009A518F /* objet.cpp */ = {isa = PBXFileReference; lastKnownFileType = sourcecode.cpp.cpp; name = objet.cpp; path = ../../objet.cpp; sourceTree = "<group>"; };
		F98EDBDB1F518DB8009A518F /* bspfile.cpp */ = {isa = PBXFileReference; lastKnownFileType = sourcecode.cpp.cpp; name = bspfile.cpp; path = ../../bspfile.cpp; sourceTree = "<group>"; };
		F98EDBDC1F518DB8009A518F /* menu_init.h */ = {isa = PBXFileReference; lastKnownFileType = sourcecode.c.h; name = menu_init.h; path = ../../menu_init.h; sourceTree = "<group>"; };
		F98EDBDD1F518DB8009A518F /* filesys.h */ = {isa = PBXFileReference; lastKnownFileType = sourcecode.c.h; name = filesys.h; path = ../../filesys.h; sourceTree = "<group>"; };
		F98EDBDE1F518DB9009A518F /* player.h */ = {isa = PBXFileReference; lastKnownFileType = sourcecode.c.h; name = player.h; path = ../../player.h; sourceTree = "<group>"; };
		F98EDBDF1F518DB9009A518F /* image.h */ = {isa = PBXFileReference; lastKnownFileType = sourcecode.c.h; name = image.h; path = ../../image.h; sourceTree = "<group>"; };
		F98EDBE01F518DB9009A518F /* gameover.cpp */ = {isa = PBXFileReference; lastKnownFileType = sourcecode.cpp.cpp; name = gameover.cpp; path = ../../gameover.cpp; sourceTree = "<group>"; };
		F98EDBE11F518DB9009A518F /* menu_sel.h */ = {isa = PBXFileReference; lastKnownFileType = sourcecode.c.h; name = menu_sel.h; path = ../../menu_sel.h; sourceTree = "<group>"; };
		F98EDBE31F518DB9009A518F /* maths.cpp */ = {isa = PBXFileReference; lastKnownFileType = sourcecode.cpp.cpp; name = maths.cpp; path = ../../maths.cpp; sourceTree = "<group>"; };
		F98EDBE41F518DB9009A518F /* story.h */ = {isa = PBXFileReference; lastKnownFileType = sourcecode.c.h; name = story.h; path = ../../story.h; sourceTree = "<group>"; };
		F98EDBE51F518DBA009A518F /* mskmodel.h */ = {isa = PBXFileReference; lastKnownFileType = sourcecode.c.h; name = mskmodel.h; path = ../../mskmodel.h; sourceTree = "<group>"; };
		F98EDBE61F518DBA009A518F /* alloween.cpp */ = {isa = PBXFileReference; lastKnownFileType = sourcecode.cpp.cpp; name = alloween.cpp; path = ../../alloween.cpp; sourceTree = "<group>"; };
		F98EDBE71F518DBA009A518F /* alloween.h */ = {isa = PBXFileReference; lastKnownFileType = sourcecode.c.h; name = alloween.h; path = ../../alloween.h; sourceTree = "<group>"; };
		F98EDBE81F518DBA009A518F /* dirlib.h */ = {isa = PBXFileReference; lastKnownFileType = sourcecode.c.h; name = dirlib.h; path = ../../dirlib.h; sourceTree = "<group>"; };
		F98EDBE91F518DBA009A518F /* mskmodel.cpp */ = {isa = PBXFileReference; lastKnownFileType = sourcecode.cpp.cpp; name = mskmodel.cpp; path = ../../mskmodel.cpp; sourceTree = "<group>"; };
		F98EDBEB1F518DBA009A518F /* timer.cpp */ = {isa = PBXFileReference; lastKnownFileType = sourcecode.cpp.cpp; name = timer.cpp; path = ../../timer.cpp; sourceTree = "<group>"; };
		F98EDBEC1F518DBB009A518F /* physic.cpp */ = {isa = PBXFileReference; lastKnownFileType = sourcecode.cpp.cpp; name = physic.cpp; path = ../../physic.cpp; sourceTree = "<group>"; };
		F98EDBED1F518DBB009A518F /* ellipsoide.cpp */ = {isa = PBXFileReference; lastKnownFileType = sourcecode.cpp.cpp; name = ellipsoide.cpp; path = ../../ellipsoide.cpp; sourceTree = "<group>"; };
		F98EDBEE1F518DBB009A518F /* game.h */ = {isa = PBXFileReference; lastKnownFileType = sourcecode.c.h; name = game.h; path = ../../game.h; sourceTree = "<group>"; };
		F98EDBEF1F518DBB009A518F /* menu_sel.cpp */ = {isa = PBXFileReference; lastKnownFileType = sourcecode.cpp.cpp; name = menu_sel.cpp; path = ../../menu_sel.cpp; sourceTree = "<group>"; };
		F98EDBF01F518DBB009A518F /* enveffect.cpp */ = {isa = PBXFileReference; lastKnownFileType = sourcecode.cpp.cpp; name = enveffect.cpp; path = ../../enveffect.cpp; sourceTree = "<group>"; };
		F98EDBF21F518DBB009A518F /* liste.h */ = {isa = PBXFileReference; lastKnownFileType = sourcecode.c.h; name = liste.h; path = ../../liste.h; sourceTree = "<group>"; };
		F98EDBF31F518DBB009A518F /* monster.h */ = {isa = PBXFileReference; lastKnownFileType = sourcecode.c.h; name = monster.h; path = ../../monster.h; sourceTree = "<group>"; };
		F98EDBF41F518DBC009A518F /* opengl.cpp */ = {isa = PBXFileReference; lastKnownFileType = sourcecode.cpp.cpp; name = opengl.cpp; path = ../../opengl.cpp; sourceTree = "<group>"; };
		F98EDBF51F518DBC009A518F /* collision.cpp */ = {isa = PBXFileReference; lastKnownFileType = sourcecode.cpp.cpp; name = collision.cpp; path = ../../collision.cpp; sourceTree = "<group>"; };
		F98EDBF61F518DBC009A518F /* collision.h */ = {isa = PBXFileReference; lastKnownFileType = sourcecode.c.h; name = collision.h; path = ../../collision.h; sourceTree = "<group>"; };
		F98EDBF91F518DBC009A518F /* gameover.h */ = {isa = PBXFileReference; lastKnownFileType = sourcecode.c.h; name = gameover.h; path = ../../gameover.h; sourceTree = "<group>"; };
		F98EDBFB1F518DBD009A518F /* camera.h */ = {isa = PBXFileReference; lastKnownFileType = sourcecode.c.h; name = camera.h; path = ../../camera.h; sourceTree = "<group>"; };
		F98EDBFD1F518DBD009A518F /* textdraw.h */ = {isa = PBXFileReference; lastKnownFileType = sourcecode.c.h; name = textdraw.h; path = ../../textdraw.h; sourceTree = "<group>"; };
		F98EDBFE1F518DBD009A518F /* demo.h */ = {isa = PBXFileReference; lastKnownFileType = sourcecode.c.h; name = demo.h; path = ../../demo.h; sourceTree = "<group>"; };
		F98EDBFF1F518DBD009A518F /* input.cpp */ = {isa = PBXFileReference; lastKnownFileType = sourcecode.cpp.cpp; name = input.cpp; path = ../../input.cpp; sourceTree = "<group>"; };
		F98EDC001F518DBD009A518F /* interface.cpp */ = {isa = PBXFileReference; lastKnownFileType = sourcecode.cpp.cpp; name = interface.cpp; path = ../../interface.cpp; sourceTree = "<group>"; };
		F98EDC011F518DBE009A518F /* jpeg.h */ = {isa = PBXFileReference; lastKnownFileType = sourcecode.c.h; name = jpeg.h; path = ../../jpeg.h; sourceTree = "<group>"; };
		F98EDC761F518DBE009A518F /* objet_proc.h */ = {isa = PBXFileReference; lastKnownFileType = sourcecode.c.h; name = objet_proc.h; path = ../../objet_proc.h; sourceTree = "<group>"; };
		F98EDC9A1F518DBF009A518F /* enveffect.h */ = {isa = PBXFileReference; lastKnownFileType = sourcecode.c.h; name = enveffect.h; path = ../../enveffect.h; sourceTree = "<group>"; };
		F98EDC9B1F518DBF009A518F /* demo.cpp */ = {isa = PBXFileReference; lastKnownFileType = sourcecode.cpp.cpp; name = demo.cpp; path = ../../demo.cpp; sourceTree = "<group>"; };
		F98EDC9E1F518DBF009A518F /* liste.cpp */ = {isa = PBXFileReference; lastKnownFileType = sourcecode.cpp.cpp; name = liste.cpp; path = ../../liste.cpp; sourceTree = "<group>"; };
		F98EDCF21F518F15009A518F /* halloween_linux.cpp */ = {isa = PBXFileReference; lastKnownFileType = sourcecode.cpp.cpp; name = halloween_linux.cpp; path = ../../halloween_linux.cpp; sourceTree = "<group>"; };
		F98EDCF31F518F15009A518F /* halloween_linux.h */ = {isa = PBXFileReference; lastKnownFileType = sourcecode.c.h; name = halloween_linux.h; path = ../../halloween_linux.h; sourceTree = "<group>"; };
		F98EDCF51F518F42009A518F /* libsound_linux.h */ = {isa = PBXFileReference; lastKnownFileType = sourcecode.c.h; name = libsound_linux.h; path = ../../libsound_linux.h; sourceTree = "<group>"; };
		F98EDCF61F518F42009A518F /* loadjpeg_linux.h */ = {isa = PBXFileReference; lastKnownFileType = sourcecode.c.h; name = loadjpeg_linux.h; path = ../../loadjpeg_linux.h; sourceTree = "<group>"; };
		F98EDCF71F518F43009A518F /* loadjpeg_linux.cpp */ = {isa = PBXFileReference; lastKnownFileType = sourcecode.cpp.cpp; name = loadjpeg_linux.cpp; path = ../../loadjpeg_linux.cpp; sourceTree = "<group>"; };
		F98EDCF81F518F43009A518F /* libsound_linux.cpp */ = {isa = PBXFileReference; lastKnownFileType = sourcecode.cpp.cpp; name = libsound_linux.cpp; path = ../../libsound_linux.cpp; sourceTree = "<group>"; };
		F98EDCFB1F518F4D009A518F /* net_temp_linux.h */ = {isa = PBXFileReference; lastKnownFileType = sourcecode.c.h; name = net_temp_linux.h; path = ../../net_temp_linux.h; sourceTree = "<group>"; };
		F98EDCFC1F518F4D009A518F /* net_temp_linux.cpp */ = {isa = PBXFileReference; lastKnownFileType = sourcecode.cpp.cpp; name = net_temp_linux.cpp; path = ../../net_temp_linux.cpp; sourceTree = "<group>"; };
		F98EDCFE1F51B7B6009A518F /* constantes.h */ = {isa = PBXFileReference; lastKnownFileType = sourcecode.c.h; name = constantes.h; path = ../../constantes.h; sourceTree = "<group>"; };
		F99008041F51CE7D007F7D1B /* GLTextureHelper.h */ = {isa = PBXFileReference; lastKnownFileType = sourcecode.c.h; path = GLTextureHelper.h; sourceTree = "<group>"; };
		F99008051F51CE7D007F7D1B /* KBatch.h */ = {isa = PBXFileReference; lastKnownFileType = sourcecode.c.h; path = KBatch.h; sourceTree = "<group>"; };
		F99008061F51CE7D007F7D1B /* KGraphic.h */ = {isa = PBXFileReference; lastKnownFileType = sourcecode.c.h; path = KGraphic.h; sourceTree = "<group>"; };
		F99008071F51CE7D007F7D1B /* KGraphicGL.h */ = {isa = PBXFileReference; lastKnownFileType = sourcecode.c.h; path = KGraphicGL.h; sourceTree = "<group>"; };
		F99008081F51CE7D007F7D1B /* KGraphicGLLandscape.h */ = {isa = PBXFileReference; lastKnownFileType = sourcecode.c.h; path = KGraphicGLLandscape.h; sourceTree = "<group>"; };
		F99008091F51CE7D007F7D1B /* KInput.h */ = {isa = PBXFileReference; lastKnownFileType = sourcecode.c.h; path = KInput.h; sourceTree = "<group>"; };
		F990080A1F51CE7D007F7D1B /* KJoypad.h */ = {isa = PBXFileReference; lastKnownFileType = sourcecode.c.h; path = KJoypad.h; sourceTree = "<group>"; };
		F990080B1F51CE7D007F7D1B /* KLogFile.h */ = {isa = PBXFileReference; lastKnownFileType = sourcecode.c.h; path = KLogFile.h; sourceTree = "<group>"; };
		F990080C1F51CE7D007F7D1B /* KMiscTools.h */ = {isa = PBXFileReference; lastKnownFileType = sourcecode.c.h; path = KMiscTools.h; sourceTree = "<group>"; };
		F990080D1F51CE7D007F7D1B /* KMusic.h */ = {isa = PBXFileReference; lastKnownFileType = sourcecode.c.h; path = KMusic.h; sourceTree = "<group>"; };
		F990080E1F51CE7D007F7D1B /* KPTK.h */ = {isa = PBXFileReference; lastKnownFileType = sourcecode.c.h; path = KPTK.h; sourceTree = "<group>"; };
		F990080F1F51CE7D007F7D1B /* KSound.h */ = {isa = PBXFileReference; lastKnownFileType = sourcecode.c.h; path = KSound.h; sourceTree = "<group>"; };
		F99008101F51CE7D007F7D1B /* KSpline.h */ = {isa = PBXFileReference; lastKnownFileType = sourcecode.c.h; path = KSpline.h; sourceTree = "<group>"; };
		F99008111F51CE7D007F7D1B /* KWeb.h */ = {isa = PBXFileReference; lastKnownFileType = sourcecode.c.h; path = KWeb.h; sourceTree = "<group>"; };
		F99008121F51CE7D007F7D1B /* KWindow.h */ = {isa = PBXFileReference; lastKnownFileType = sourcecode.c.h; path = KWindow.h; sourceTree = "<group>"; };
		F99008141F51CE7D007F7D1B /* GLTextureHelper.mm */ = {isa = PBXFileReference; lastKnownFileType = sourcecode.cpp.objcpp; path = GLTextureHelper.mm; sourceTree = "<group>"; };
		F99008151F51CE7D007F7D1B /* KBatchGL.cpp */ = {isa = PBXFileReference; lastKnownFileType = sourcecode.cpp.cpp; path = KBatchGL.cpp; sourceTree = "<group>"; };
		F99008161F51CE7D007F7D1B /* KGraphicGL.cpp */ = {isa = PBXFileReference; lastKnownFileType = sourcecode.cpp.cpp; path = KGraphicGL.cpp; sourceTree = "<group>"; };
		F99008171F51CE7D007F7D1B /* KGraphicGLLandscape.cpp */ = {isa = PBXFileReference; lastKnownFileType = sourcecode.cpp.cpp; path = KGraphicGLLandscape.cpp; sourceTree = "<group>"; };
		F99008181F51CE7D007F7D1B /* KInput.mm */ = {isa = PBXFileReference; lastKnownFileType = sourcecode.cpp.objcpp; path = KInput.mm; sourceTree = "<group>"; };
		F99008191F51CE7D007F7D1B /* KJoypad.mm */ = {isa = PBXFileReference; lastKnownFileType = sourcecode.cpp.objcpp; path = KJoypad.mm; sourceTree = "<group>"; };
		F990081A1F51CE7D007F7D1B /* KLogFile.cpp */ = {isa = PBXFileReference; lastKnownFileType = sourcecode.cpp.cpp; path = KLogFile.cpp; sourceTree = "<group>"; };
		F990081B1F51CE7D007F7D1B /* KMiscTools.mm */ = {isa = PBXFileReference; lastKnownFileType = sourcecode.cpp.objcpp; path = KMiscTools.mm; sourceTree = "<group>"; };
		F990081C1F51CE7D007F7D1B /* KMusic.mm */ = {isa = PBXFileReference; lastKnownFileType = sourcecode.cpp.objcpp; path = KMusic.mm; sourceTree = "<group>"; };
		F990081D1F51CE7D007F7D1B /* KPTK.cpp */ = {isa = PBXFileReference; lastKnownFileType = sourcecode.cpp.cpp; path = KPTK.cpp; sourceTree = "<group>"; };
		F990081E1F51CE7D007F7D1B /* KSound.mm */ = {isa = PBXFileReference; lastKnownFileType = sourcecode.cpp.objcpp; path = KSound.mm; sourceTree = "<group>"; };
		F990081F1F51CE7D007F7D1B /* KSpline.cpp */ = {isa = PBXFileReference; lastKnownFileType = sourcecode.cpp.cpp; path = KSpline.cpp; sourceTree = "<group>"; };
		F99008201F51CE7D007F7D1B /* KWeb.mm */ = {isa = PBXFileReference; lastKnownFileType = sourcecode.cpp.objcpp; path = KWeb.mm; sourceTree = "<group>"; };
		F99008211F51CE7D007F7D1B /* KWindow.mm */ = {isa = PBXFileReference; lastKnownFileType = sourcecode.cpp.objcpp; path = KWindow.mm; sourceTree = "<group>"; };
		F99008801F51D4E5007F7D1B /* DDHidAppleRemote.h */ = {isa = PBXFileReference; lastKnownFileType = sourcecode.c.h; path = DDHidAppleRemote.h; sourceTree = "<group>"; };
		F99008811F51D4E5007F7D1B /* DDHidAppleRemote.m */ = {isa = PBXFileReference; lastKnownFileType = sourcecode.c.objc; path = DDHidAppleRemote.m; sourceTree = "<group>"; };
		F99008821F51D4E5007F7D1B /* DDHidDevice.h */ = {isa = PBXFileReference; lastKnownFileType = sourcecode.c.h; path = DDHidDevice.h; sourceTree = "<group>"; };
		F99008831F51D4E5007F7D1B /* DDHidDevice.m */ = {isa = PBXFileReference; lastKnownFileType = sourcecode.c.objc; path = DDHidDevice.m; sourceTree = "<group>"; };
		F99008841F51D4E5007F7D1B /* DDHidElement.h */ = {isa = PBXFileReference; lastKnownFileType = sourcecode.c.h; path = DDHidElement.h; sourceTree = "<group>"; };
		F99008851F51D4E5007F7D1B /* DDHidElement.m */ = {isa = PBXFileReference; lastKnownFileType = sourcecode.c.objc; path = DDHidElement.m; sourceTree = "<group>"; };
		F99008861F51D4E5007F7D1B /* DDHidEvent.h */ = {isa = PBXFileReference; lastKnownFileType = sourcecode.c.h; path = DDHidEvent.h; sourceTree = "<group>"; };
		F99008871F51D4E5007F7D1B /* DDHidEvent.m */ = {isa = PBXFileReference; lastKnownFileType = sourcecode.c.objc; path = DDHidEvent.m; sourceTree = "<group>"; };
		F99008881F51D4E5007F7D1B /* DDHidJoystick.h */ = {isa = PBXFileReference; lastKnownFileType = sourcecode.c.h; path = DDHidJoystick.h; sourceTree = "<group>"; };
		F99008891F51D4E5007F7D1B /* DDHidJoystick.m */ = {isa = PBXFileReference; lastKnownFileType = sourcecode.c.objc; path = DDHidJoystick.m; sourceTree = "<group>"; };
		F990088A1F51D4E5007F7D1B /* DDHidKeyboard.h */ = {isa = PBXFileReference; lastKnownFileType = sourcecode.c.h; path = DDHidKeyboard.h; sourceTree = "<group>"; };
		F990088B1F51D4E5007F7D1B /* DDHidKeyboard.m */ = {isa = PBXFileReference; lastKnownFileType = sourcecode.c.objc; path = DDHidKeyboard.m; sourceTree = "<group>"; };
		F990088C1F51D4E5007F7D1B /* DDHidKeyboardBarcodeScanner.h */ = {isa = PBXFileReference; lastKnownFileType = sourcecode.c.h; path = DDHidKeyboardBarcodeScanner.h; sourceTree = "<group>"; };
		F990088D1F51D4E5007F7D1B /* DDHidKeyboardBarcodeScanner.m */ = {isa = PBXFileReference; lastKnownFileType = sourcecode.c.objc; path = DDHidKeyboardBarcodeScanner.m; sourceTree = "<group>"; };
		F990088E1F51D4E5007F7D1B /* DDHidLib.h */ = {isa = PBXFileReference; lastKnownFileType = sourcecode.c.h; path = DDHidLib.h; sourceTree = "<group>"; };
		F990088F1F51D4E5007F7D1B /* DDHidMouse.h */ = {isa = PBXFileReference; lastKnownFileType = sourcecode.c.h; path = DDHidMouse.h; sourceTree = "<group>"; };
		F99008901F51D4E5007F7D1B /* DDHidMouse.m */ = {isa = PBXFileReference; lastKnownFileType = sourcecode.c.objc; path = DDHidMouse.m; sourceTree = "<group>"; };
		F99008911F51D4E5007F7D1B /* DDHidQueue.h */ = {isa = PBXFileReference; lastKnownFileType = sourcecode.c.h; path = DDHidQueue.h; sourceTree = "<group>"; };
		F99008921F51D4E5007F7D1B /* DDHidQueue.m */ = {isa = PBXFileReference; lastKnownFileType = sourcecode.c.objc; path = DDHidQueue.m; sourceTree = "<group>"; };
		F99008931F51D4E5007F7D1B /* DDHidStandardUsages.plist */ = {isa = PBXFileReference; lastKnownFileType = text.plist.xml; path = DDHidStandardUsages.plist; sourceTree = "<group>"; };
		F99008941F51D4E5007F7D1B /* DDHidUsage.h */ = {isa = PBXFileReference; lastKnownFileType = sourcecode.c.h; path = DDHidUsage.h; sourceTree = "<group>"; };
		F99008951F51D4E5007F7D1B /* DDHidUsage.m */ = {isa = PBXFileReference; lastKnownFileType = sourcecode.c.objc; path = DDHidUsage.m; sourceTree = "<group>"; };
		F99008961F51D4E5007F7D1B /* DDHidUsageTables.h */ = {isa = PBXFileReference; lastKnownFileType = sourcecode.c.h; path = DDHidUsageTables.h; sourceTree = "<group>"; };
		F99008971F51D4E5007F7D1B /* DDHidUsageTables.m */ = {isa = PBXFileReference; lastKnownFileType = sourcecode.c.objc; path = DDHidUsageTables.m; sourceTree = "<group>"; };
		F99008981F51D4E5007F7D1B /* NSDictionary+DDHidExtras.h */ = {isa = PBXFileReference; lastKnownFileType = sourcecode.c.h; path = "NSDictionary+DDHidExtras.h"; sourceTree = "<group>"; };
		F99008991F51D4E5007F7D1B /* NSDictionary+DDHidExtras.m */ = {isa = PBXFileReference; lastKnownFileType = sourcecode.c.objc; path = "NSDictionary+DDHidExtras.m"; sourceTree = "<group>"; };
		F990089B1F51D4E5007F7D1B /* NSXReturnThrowError.h */ = {isa = PBXFileReference; lastKnownFileType = sourcecode.c.h; path = NSXReturnThrowError.h; sourceTree = "<group>"; };
		F990089C1F51D4E5007F7D1B /* NSXReturnThrowError.m */ = {isa = PBXFileReference; lastKnownFileType = sourcecode.c.objc; path = NSXReturnThrowError.m; sourceTree = "<group>"; };
		F99009131F51D5B9007F7D1B /* AUOutputBL.cpp */ = {isa = PBXFileReference; lastKnownFileType = sourcecode.cpp.cpp; path = AUOutputBL.cpp; sourceTree = "<group>"; };
		F99009141F51D5B9007F7D1B /* AUOutputBL.h */ = {isa = PBXFileReference; lastKnownFileType = sourcecode.c.h; path = AUOutputBL.h; sourceTree = "<group>"; };
		F990091B1F51D5B9007F7D1B /* CAAudioChannelLayout.cpp */ = {isa = PBXFileReference; lastKnownFileType = sourcecode.cpp.cpp; path = CAAudioChannelLayout.cpp; sourceTree = "<group>"; };
		F990091C1F51D5B9007F7D1B /* CAAudioChannelLayout.h */ = {isa = PBXFileReference; lastKnownFileType = sourcecode.c.h; path = CAAudioChannelLayout.h; sourceTree = "<group>"; };
		F990091D1F51D5B9007F7D1B /* CAAudioChannelLayoutObject.cpp */ = {isa = PBXFileReference; lastKnownFileType = sourcecode.cpp.cpp; path = CAAudioChannelLayoutObject.cpp; sourceTree = "<group>"; };
		F99009221F51D5B9007F7D1B /* CAAudioUnit.cpp */ = {isa = PBXFileReference; lastKnownFileType = sourcecode.cpp.cpp; path = CAAudioUnit.cpp; sourceTree = "<group>"; };
		F99009231F51D5B9007F7D1B /* CAAudioUnit.h */ = {isa = PBXFileReference; lastKnownFileType = sourcecode.c.h; path = CAAudioUnit.h; sourceTree = "<group>"; };
		F990094A1F51D5B9007F7D1B /* CAComponent.cpp */ = {isa = PBXFileReference; lastKnownFileType = sourcecode.cpp.cpp; path = CAComponent.cpp; sourceTree = "<group>"; };
		F990094B1F51D5B9007F7D1B /* CAComponent.h */ = {isa = PBXFileReference; lastKnownFileType = sourcecode.c.h; path = CAComponent.h; sourceTree = "<group>"; };
		F990094D1F51D5B9007F7D1B /* CAComponentDescription.h */ = {isa = PBXFileReference; lastKnownFileType = sourcecode.c.h; path = CAComponentDescription.h; sourceTree = "<group>"; };
		F99009781F51D5B9007F7D1B /* CAStreamBasicDescription.cpp */ = {isa = PBXFileReference; lastKnownFileType = sourcecode.cpp.cpp; path = CAStreamBasicDescription.cpp; sourceTree = "<group>"; };
		F99009791F51D5B9007F7D1B /* CAStreamBasicDescription.h */ = {isa = PBXFileReference; lastKnownFileType = sourcecode.c.h; path = CAStreamBasicDescription.h; sourceTree = "<group>"; };
		F99009841F51D5B9007F7D1B /* CAXException.cpp */ = {isa = PBXFileReference; lastKnownFileType = sourcecode.cpp.cpp; path = CAXException.cpp; sourceTree = "<group>"; };
		F99009851F51D5B9007F7D1B /* CAXException.h */ = {isa = PBXFileReference; lastKnownFileType = sourcecode.c.h; path = CAXException.h; sourceTree = "<group>"; };
		F99009B21F51D6FA007F7D1B /* CAComponentDescription.cpp */ = {isa = PBXFileReference; lastKnownFileType = sourcecode.cpp.cpp; path = CAComponentDescription.cpp; sourceTree = "<group>"; };
/* End PBXFileReference section */

/* Begin PBXFrameworksBuildPhase section */
		F98EDB891F518C2D009A518F /* Frameworks */ = {
			isa = PBXFrameworksBuildPhase;
			buildActionMask = 2147483647;
			files = (
				F91973E41F51CCFB008553A0 /* AudioToolbox.framework in Frameworks */,
				F91973EA1F51CD15008553A0 /* AppKit.framework in Frameworks */,
				F91973E81F51CD05008553A0 /* IOKit.framework in Frameworks */,
				F91973E61F51CD00008553A0 /* OpenAL.framework in Frameworks */,
				F91973E21F51CCF2008553A0 /* Foundation.framework in Frameworks */,
				F91973E01F51CCEB008553A0 /* QuartzCore.framework in Frameworks */,
				F91973DE1F51CCE1008553A0 /* Cocoa.framework in Frameworks */,
				F91973BB1F51C795008553A0 /* ApplicationServices.framework in Frameworks */,
				F91973B91F51C430008553A0 /* GLKit.framework in Frameworks */,
				F98EDB9A1F518C79009A518F /* GLUT.framework in Frameworks */,
				F98EDB981F518C73009A518F /* OpenGL.framework in Frameworks */,
			);
			runOnlyForDeploymentPostprocessing = 0;
		};
/* End PBXFrameworksBuildPhase section */

/* Begin PBXGroup section */
		F98EDB831F518C2D009A518F = {
			isa = PBXGroup;
			children = (
				F99009121F51D5B9007F7D1B /* PublicUtility */,
				F990087F1F51D4E5007F7D1B /* DDHidLib */,
				F99008021F51CE7D007F7D1B /* iptk_osx */,
				F98EDB9D1F518CE6009A518F /* Halloween */,
				F98EDB8D1F518C2D009A518F /* Products */,
				F98EDB961F518C73009A518F /* Frameworks */,
			);
			sourceTree = "<group>";
		};
		F98EDB8D1F518C2D009A518F /* Products */ = {
			isa = PBXGroup;
			children = (
				F98EDB8C1F518C2D009A518F /* Halloween3D */,
			);
			name = Products;
			sourceTree = "<group>";
		};
		F98EDB961F518C73009A518F /* Frameworks */ = {
			isa = PBXGroup;
			children = (
				F91973E91F51CD15008553A0 /* AppKit.framework */,
				F91973E71F51CD05008553A0 /* IOKit.framework */,
				F91973E51F51CD00008553A0 /* OpenAL.framework */,
				F91973E31F51CCFB008553A0 /* AudioToolbox.framework */,
				F91973E11F51CCF2008553A0 /* Foundation.framework */,
				F91973DF1F51CCEB008553A0 /* QuartzCore.framework */,
				F91973DD1F51CCE1008553A0 /* Cocoa.framework */,
				F91973BC1F51C988008553A0 /* libbass.a */,
				F91973BA1F51C794008553A0 /* ApplicationServices.framework */,
				F91973B81F51C430008553A0 /* GLKit.framework */,
				F98EDB991F518C79009A518F /* GLUT.framework */,
				F98EDB971F518C73009A518F /* OpenGL.framework */,
			);
			name = Frameworks;
			sourceTree = "<group>";
		};
		F98EDB9D1F518CE6009A518F /* Halloween */ = {
			isa = PBXGroup;
			children = (
				F98EDB9B1F518CC3009A518F /* main.cpp */,
				F98EDCFE1F51B7B6009A518F /* constantes.h */,
				F98EDBE61F518DBA009A518F /* alloween.cpp */,
				F98EDBE71F518DBA009A518F /* alloween.h */,
				F98EDCF21F518F15009A518F /* halloween_linux.cpp */,
				F98EDCF31F518F15009A518F /* halloween_linux.h */,
				F98EDCF81F518F43009A518F /* libsound_linux.cpp */,
				F98EDCF51F518F42009A518F /* libsound_linux.h */,
				F98EDCF71F518F43009A518F /* loadjpeg_linux.cpp */,
				F98EDCF61F518F42009A518F /* loadjpeg_linux.h */,
				F98EDCFC1F518F4D009A518F /* net_temp_linux.cpp */,
				F98EDCFB1F518F4D009A518F /* net_temp_linux.h */,
				F98EDBDB1F518DB8009A518F /* bspfile.cpp */,
				F98EDBD51F518DB7009A518F /* bspfile.h */,
				F98EDBAF1F518DB2009A518F /* bsptree.cpp */,
				F98EDBB91F518DB3009A518F /* bsptree.h */,
				F98EDBC21F518DB4009A518F /* camera.cpp */,
				F98EDBFB1F518DBD009A518F /* camera.h */,
				F98EDBF51F518DBC009A518F /* collision.cpp */,
				F98EDBF61F518DBC009A518F /* collision.h */,
				F98EDBA61F518DB1009A518F /* console.cpp */,
				F98EDBC51F518DB5009A518F /* console.h */,
				F98EDC9B1F518DBF009A518F /* demo.cpp */,
				F98EDBFE1F518DBD009A518F /* demo.h */,
				F98EDBE81F518DBA009A518F /* dirlib.h */,
				F98EDBAC1F518DB2009A518F /* display.cpp */,
				F98EDBD41F518DB7009A518F /* display.h */,
				F98EDBED1F518DBB009A518F /* ellipsoide.cpp */,
				F98EDBBB1F518DB3009A518F /* ellipsoide.h */,
				F98EDBF01F518DBB009A518F /* enveffect.cpp */,
				F98EDC9A1F518DBF009A518F /* enveffect.h */,
				F98EDBD71F518DB8009A518F /* filesys.cpp */,
				F98EDBDD1F518DB8009A518F /* filesys.h */,
				F98EDBC11F518DB4009A518F /* frustrum.cpp */,
				F98EDBD31F518DB7009A518F /* frustrum.h */,
				F98EDBBD1F518DB3009A518F /* game.cpp */,
				F98EDBEE1F518DBB009A518F /* game.h */,
				F98EDBE01F518DB9009A518F /* gameover.cpp */,
				F98EDBF91F518DBC009A518F /* gameover.h */,
				F98EDBD81F518DB8009A518F /* image.cpp */,
				F98EDBDF1F518DB9009A518F /* image.h */,
				F98EDBFF1F518DBD009A518F /* input.cpp */,
				F98EDBD11F518DB7009A518F /* input.h */,
				F98EDC001F518DBD009A518F /* interface.cpp */,
				F98EDBCB1F518DB6009A518F /* interface.h */,
				F98EDBC91F518DB6009A518F /* jpeg.cpp */,
				F98EDC011F518DBE009A518F /* jpeg.h */,
				F98EDC9E1F518DBF009A518F /* liste.cpp */,
				F98EDBF21F518DBB009A518F /* liste.h */,
				F98EDBE31F518DB9009A518F /* maths.cpp */,
				F98EDBBA1F518DB3009A518F /* maths.h */,
				F98EDBA51F518DB1009A518F /* menu_init.cpp */,
				F98EDBDC1F518DB8009A518F /* menu_init.h */,
				F98EDBEF1F518DBB009A518F /* menu_sel.cpp */,
				F98EDBE11F518DB9009A518F /* menu_sel.h */,
				F98EDBAA1F518DB1009A518F /* menu.cpp */,
				F98EDBA31F518DB1009A518F /* menu.h */,
				F98EDBAD1F518DB2009A518F /* monster.cpp */,
				F98EDBF31F518DBB009A518F /* monster.h */,
				F98EDBE91F518DBA009A518F /* mskmodel.cpp */,
				F98EDBE51F518DBA009A518F /* mskmodel.h */,
				F98EDBBE1F518DB3009A518F /* objet_proc.cpp */,
				F98EDC761F518DBE009A518F /* objet_proc.h */,
				F98EDBD91F518DB8009A518F /* objet.cpp */,
				F98EDBCA1F518DB6009A518F /* objet.h */,
				F98EDBF41F518DBC009A518F /* opengl.cpp */,
				F98EDBC61F518DB5009A518F /* opengl.h */,
				F98EDBEC1F518DBB009A518F /* physic.cpp */,
				F98EDBBF1F518DB4009A518F /* physic.h */,
				F98EDBC81F518DB5009A518F /* player.cpp */,
				F98EDBDE1F518DB9009A518F /* player.h */,
				F98EDBCC1F518DB6009A518F /* resource.h */,
				F98EDBB81F518DB3009A518F /* script.cpp */,
				F98EDBB01F518DB2009A518F /* script.h */,
				F98EDBA11F518DB1009A518F /* shader.cpp */,
				F98EDBAE1F518DB2009A518F /* shader.h */,
				F98EDBD61F518DB7009A518F /* sorting.cpp */,
				F98EDBA71F518DB1009A518F /* sorting.h */,
				F98EDBA81F518DB1009A518F /* story.cpp */,
				F98EDBE41F518DB9009A518F /* story.h */,
				F98EDBCF1F518DB6009A518F /* textdraw.cpp */,
				F98EDBFD1F518DBD009A518F /* textdraw.h */,
				F98EDBB51F518DB2009A518F /* tga.cpp */,
				F98EDBAB1F518DB2009A518F /* tga.h */,
				F98EDBEB1F518DBA009A518F /* timer.cpp */,
				F98EDBB41F518DB2009A518F /* timer.h */,
			);
			path = Halloween;
			sourceTree = "<group>";
		};
		F99008021F51CE7D007F7D1B /* iptk_osx */ = {
			isa = PBXGroup;
			children = (
				F99008031F51CE7D007F7D1B /* Headers */,
				F99008131F51CE7D007F7D1B /* Sources */,
			);
			path = iptk_osx;
			sourceTree = "<group>";
		};
		F99008031F51CE7D007F7D1B /* Headers */ = {
			isa = PBXGroup;
			children = (
				F99008041F51CE7D007F7D1B /* GLTextureHelper.h */,
				F99008051F51CE7D007F7D1B /* KBatch.h */,
				F99008061F51CE7D007F7D1B /* KGraphic.h */,
				F99008071F51CE7D007F7D1B /* KGraphicGL.h */,
				F99008081F51CE7D007F7D1B /* KGraphicGLLandscape.h */,
				F99008091F51CE7D007F7D1B /* KInput.h */,
				F990080A1F51CE7D007F7D1B /* KJoypad.h */,
				F990080B1F51CE7D007F7D1B /* KLogFile.h */,
				F990080C1F51CE7D007F7D1B /* KMiscTools.h */,
				F990080D1F51CE7D007F7D1B /* KMusic.h */,
				F990080E1F51CE7D007F7D1B /* KPTK.h */,
				F990080F1F51CE7D007F7D1B /* KSound.h */,
				F99008101F51CE7D007F7D1B /* KSpline.h */,
				F99008111F51CE7D007F7D1B /* KWeb.h */,
				F99008121F51CE7D007F7D1B /* KWindow.h */,
			);
			path = Headers;
			sourceTree = "<group>";
		};
		F99008131F51CE7D007F7D1B /* Sources */ = {
			isa = PBXGroup;
			children = (
				F99008141F51CE7D007F7D1B /* GLTextureHelper.mm */,
				F99008151F51CE7D007F7D1B /* KBatchGL.cpp */,
				F99008161F51CE7D007F7D1B /* KGraphicGL.cpp */,
				F99008171F51CE7D007F7D1B /* KGraphicGLLandscape.cpp */,
				F99008181F51CE7D007F7D1B /* KInput.mm */,
				F99008191F51CE7D007F7D1B /* KJoypad.mm */,
				F990081A1F51CE7D007F7D1B /* KLogFile.cpp */,
				F990081B1F51CE7D007F7D1B /* KMiscTools.mm */,
				F990081C1F51CE7D007F7D1B /* KMusic.mm */,
				F990081D1F51CE7D007F7D1B /* KPTK.cpp */,
				F990081E1F51CE7D007F7D1B /* KSound.mm */,
				F990081F1F51CE7D007F7D1B /* KSpline.cpp */,
				F99008201F51CE7D007F7D1B /* KWeb.mm */,
				F99008211F51CE7D007F7D1B /* KWindow.mm */,
			);
			path = Sources;
			sourceTree = "<group>";
		};
		F990087F1F51D4E5007F7D1B /* DDHidLib */ = {
			isa = PBXGroup;
			children = (
				F99008801F51D4E5007F7D1B /* DDHidAppleRemote.h */,
				F99008811F51D4E5007F7D1B /* DDHidAppleRemote.m */,
				F99008821F51D4E5007F7D1B /* DDHidDevice.h */,
				F99008831F51D4E5007F7D1B /* DDHidDevice.m */,
				F99008841F51D4E5007F7D1B /* DDHidElement.h */,
				F99008851F51D4E5007F7D1B /* DDHidElement.m */,
				F99008861F51D4E5007F7D1B /* DDHidEvent.h */,
				F99008871F51D4E5007F7D1B /* DDHidEvent.m */,
				F99008881F51D4E5007F7D1B /* DDHidJoystick.h */,
				F99008891F51D4E5007F7D1B /* DDHidJoystick.m */,
				F990088A1F51D4E5007F7D1B /* DDHidKeyboard.h */,
				F990088B1F51D4E5007F7D1B /* DDHidKeyboard.m */,
				F990088C1F51D4E5007F7D1B /* DDHidKeyboardBarcodeScanner.h */,
				F990088D1F51D4E5007F7D1B /* DDHidKeyboardBarcodeScanner.m */,
				F990088E1F51D4E5007F7D1B /* DDHidLib.h */,
				F990088F1F51D4E5007F7D1B /* DDHidMouse.h */,
				F99008901F51D4E5007F7D1B /* DDHidMouse.m */,
				F99008911F51D4E5007F7D1B /* DDHidQueue.h */,
				F99008921F51D4E5007F7D1B /* DDHidQueue.m */,
				F99008931F51D4E5007F7D1B /* DDHidStandardUsages.plist */,
				F99008941F51D4E5007F7D1B /* DDHidUsage.h */,
				F99008951F51D4E5007F7D1B /* DDHidUsage.m */,
				F99008961F51D4E5007F7D1B /* DDHidUsageTables.h */,
				F99008971F51D4E5007F7D1B /* DDHidUsageTables.m */,
				F99008981F51D4E5007F7D1B /* NSDictionary+DDHidExtras.h */,
				F99008991F51D4E5007F7D1B /* NSDictionary+DDHidExtras.m */,
				F990089A1F51D4E5007F7D1B /* NSXReturnThrowError */,
			);
			name = DDHidLib;
			path = ../../../jmapp/ptk/DDHidLib;
			sourceTree = "<group>";
		};
		F990089A1F51D4E5007F7D1B /* NSXReturnThrowError */ = {
			isa = PBXGroup;
			children = (
				F990089B1F51D4E5007F7D1B /* NSXReturnThrowError.h */,
				F990089C1F51D4E5007F7D1B /* NSXReturnThrowError.m */,
			);
			path = NSXReturnThrowError;
			sourceTree = "<group>";
		};
		F99009121F51D5B9007F7D1B /* PublicUtility */ = {
			isa = PBXGroup;
			children = (
				F99009131F51D5B9007F7D1B /* AUOutputBL.cpp */,
				F99009141F51D5B9007F7D1B /* AUOutputBL.h */,
				F99009781F51D5B9007F7D1B /* CAStreamBasicDescription.cpp */,
				F99009791F51D5B9007F7D1B /* CAStreamBasicDescription.h */,
				F990091B1F51D5B9007F7D1B /* CAAudioChannelLayout.cpp */,
				F990091C1F51D5B9007F7D1B /* CAAudioChannelLayout.h */,
				F990091D1F51D5B9007F7D1B /* CAAudioChannelLayoutObject.cpp */,
				F99009221F51D5B9007F7D1B /* CAAudioUnit.cpp */,
				F99009231F51D5B9007F7D1B /* CAAudioUnit.h */,
				F990094A1F51D5B9007F7D1B /* CAComponent.cpp */,
				F990094B1F51D5B9007F7D1B /* CAComponent.h */,
				F99009B21F51D6FA007F7D1B /* CAComponentDescription.cpp */,
				F990094D1F51D5B9007F7D1B /* CAComponentDescription.h */,
				F99009841F51D5B9007F7D1B /* CAXException.cpp */,
				F99009851F51D5B9007F7D1B /* CAXException.h */,
			);
			path = PublicUtility;
			sourceTree = "<group>";
		};
/* End PBXGroup section */

/* Begin PBXNativeTarget section */
		F98EDB8B1F518C2D009A518F /* Halloween3D */ = {
			isa = PBXNativeTarget;
			buildConfigurationList = F98EDB931F518C2D009A518F /* Build configuration list for PBXNativeTarget "Halloween3D" */;
			buildPhases = (
				F98EDB881F518C2D009A518F /* Sources */,
				F98EDB891F518C2D009A518F /* Frameworks */,
				F98EDB8A1F518C2D009A518F /* CopyFiles */,
			);
			buildRules = (
			);
			dependencies = (
			);
			name = Halloween3D;
			productName = Halloween3D;
			productReference = F98EDB8C1F518C2D009A518F /* Halloween3D */;
			productType = "com.apple.product-type.tool";
		};
/* End PBXNativeTarget section */

/* Begin PBXProject section */
		F98EDB841F518C2D009A518F /* Project object */ = {
			isa = PBXProject;
			attributes = {
				LastUpgradeCheck = 0900;
				ORGANIZATIONNAME = Jadegame;
				TargetAttributes = {
					F98EDB8B1F518C2D009A518F = {
						CreatedOnToolsVersion = 9.0;
						ProvisioningStyle = Automatic;
					};
				};
			};
			buildConfigurationList = F98EDB871F518C2D009A518F /* Build configuration list for PBXProject "Halloween3D" */;
			compatibilityVersion = "Xcode 8.0";
			developmentRegion = en;
			hasScannedForEncodings = 0;
			knownRegions = (
				en,
			);
			mainGroup = F98EDB831F518C2D009A518F;
			productRefGroup = F98EDB8D1F518C2D009A518F /* Products */;
			projectDirPath = "";
			projectRoot = "";
			targets = (
				F98EDB8B1F518C2D009A518F /* Halloween3D */,
			);
		};
/* End PBXProject section */

/* Begin PBXSourcesBuildPhase section */
		F98EDB881F518C2D009A518F /* Sources */ = {
			isa = PBXSourcesBuildPhase;
			buildActionMask = 2147483647;
			files = (
				F99009961F51D6C3007F7D1B /* DDHidAppleRemote.h in Sources */,
				F99009971F51D6C3007F7D1B /* DDHidAppleRemote.m in Sources */,
				F99009981F51D6C3007F7D1B /* DDHidDevice.h in Sources */,
				F99009991F51D6C3007F7D1B /* DDHidDevice.m in Sources */,
				F990099A1F51D6C3007F7D1B /* DDHidElement.h in Sources */,
				F990099B1F51D6C3007F7D1B /* DDHidElement.m in Sources */,
				F990099C1F51D6C3007F7D1B /* DDHidEvent.h in Sources */,
				F990099D1F51D6C3007F7D1B /* DDHidEvent.m in Sources */,
				F990099E1F51D6C3007F7D1B /* DDHidJoystick.h in Sources */,
				F990099F1F51D6C3007F7D1B /* DDHidJoystick.m in Sources */,
				F99009A01F51D6C3007F7D1B /* DDHidKeyboard.h in Sources */,
				F99009A11F51D6C3007F7D1B /* DDHidKeyboard.m in Sources */,
				F99009A21F51D6C3007F7D1B /* DDHidKeyboardBarcodeScanner.h in Sources */,
				F99009A31F51D6C3007F7D1B /* DDHidKeyboardBarcodeScanner.m in Sources */,
				F99009A41F51D6C3007F7D1B /* DDHidLib.h in Sources */,
				F99009A51F51D6C3007F7D1B /* DDHidMouse.h in Sources */,
				F99009A61F51D6C3007F7D1B /* DDHidMouse.m in Sources */,
				F99009A71F51D6C3007F7D1B /* DDHidQueue.h in Sources */,
				F99009A81F51D6C3007F7D1B /* DDHidQueue.m in Sources */,
				F99009A91F51D6C3007F7D1B /* DDHidStandardUsages.plist in Sources */,
				F99009AA1F51D6C3007F7D1B /* DDHidUsage.h in Sources */,
				F99009AB1F51D6C3007F7D1B /* DDHidUsage.m in Sources */,
				F99009AC1F51D6C3007F7D1B /* DDHidUsageTables.h in Sources */,
				F99009AD1F51D6C3007F7D1B /* DDHidUsageTables.m in Sources */,
				F99009AE1F51D6C3007F7D1B /* NSDictionary+DDHidExtras.h in Sources */,
				F99009AF1F51D6C3007F7D1B /* NSDictionary+DDHidExtras.m in Sources */,
				F99009B01F51D6C3007F7D1B /* NSXReturnThrowError.h in Sources */,
				F99009B11F51D6C3007F7D1B /* NSXReturnThrowError.m in Sources */,
				F99009881F51D6A0007F7D1B /* AUOutputBL.cpp in Sources */,
				F99009891F51D6A0007F7D1B /* AUOutputBL.h in Sources */,
				F990098A1F51D6A0007F7D1B /* CAStreamBasicDescription.cpp in Sources */,
				F990098B1F51D6A0007F7D1B /* CAStreamBasicDescription.h in Sources */,
				F990098C1F51D6A0007F7D1B /* CAAudioChannelLayout.cpp in Sources */,
				F990098D1F51D6A0007F7D1B /* CAAudioChannelLayout.h in Sources */,
				F990098E1F51D6A0007F7D1B /* CAAudioChannelLayoutObject.cpp in Sources */,
				F990098F1F51D6A0007F7D1B /* CAAudioUnit.cpp in Sources */,
				F99009901F51D6A0007F7D1B /* CAAudioUnit.h in Sources */,
				F99009911F51D6A0007F7D1B /* CAComponent.cpp in Sources */,
				F99009921F51D6A0007F7D1B /* CAComponent.h in Sources */,
				F99009931F51D6A0007F7D1B /* CAComponentDescription.h in Sources */,
				F99009941F51D6A0007F7D1B /* CAXException.cpp in Sources */,
				F99009951F51D6A0007F7D1B /* CAXException.h in Sources */,
				F99008231F51CEB8007F7D1B /* GLTextureHelper.h in Sources */,
				F99008241F51CEB8007F7D1B /* KBatch.h in Sources */,
				F99008251F51CEB8007F7D1B /* KGraphic.h in Sources */,
				F99008261F51CEB8007F7D1B /* KGraphicGL.h in Sources */,
				F99008271F51CEB8007F7D1B /* KGraphicGLLandscape.h in Sources */,
				F99008281F51CEB8007F7D1B /* KInput.h in Sources */,
				F99008291F51CEB8007F7D1B /* KJoypad.h in Sources */,
				F990082A1F51CEB8007F7D1B /* KLogFile.h in Sources */,
				F990082B1F51CEB8007F7D1B /* KMiscTools.h in Sources */,
				F990082C1F51CEB8007F7D1B /* KMusic.h in Sources */,
				F990082D1F51CEB8007F7D1B /* KPTK.h in Sources */,
				F990082E1F51CEB8007F7D1B /* KSound.h in Sources */,
				F99009B31F51D6FA007F7D1B /* CAComponentDescription.cpp in Sources */,
				F990082F1F51CEB8007F7D1B /* KSpline.h in Sources */,
				F99008301F51CEB8007F7D1B /* KWeb.h in Sources */,
				F99008311F51CEB8007F7D1B /* KWindow.h in Sources */,
				F99008321F51CEB8007F7D1B /* GLTextureHelper.mm in Sources */,
				F99008331F51CEB8007F7D1B /* KBatchGL.cpp in Sources */,
				F99008341F51CEB8007F7D1B /* KGraphicGL.cpp in Sources */,
				F99008351F51CEB8007F7D1B /* KGraphicGLLandscape.cpp in Sources */,
				F99008361F51CEB8007F7D1B /* KInput.mm in Sources */,
				F99008371F51CEB8007F7D1B /* KJoypad.mm in Sources */,
				F99008381F51CEB8007F7D1B /* KLogFile.cpp in Sources */,
				F99008391F51CEB8007F7D1B /* KMiscTools.mm in Sources */,
				F990083A1F51CEB8007F7D1B /* KMusic.mm in Sources */,
				F990083B1F51CEB8007F7D1B /* KPTK.cpp in Sources */,
				F990083C1F51CEB8007F7D1B /* KSound.mm in Sources */,
				F990083D1F51CEB8007F7D1B /* KSpline.cpp in Sources */,
				F990083E1F51CEB8007F7D1B /* KWeb.mm in Sources */,
				F990083F1F51CEB8007F7D1B /* KWindow.mm in Sources */,
				F98EDCAA1F518DBF009A518F /* tga.cpp in Sources */,
				F98EDCBF1F518DBF009A518F /* maths.cpp in Sources */,
				F98EDCFA1F518F43009A518F /* libsound_linux.cpp in Sources */,
				F98EDCFD1F518F4E009A518F /* net_temp_linux.cpp in Sources */,
				F98EDCCC1F518DBF009A518F /* input.cpp in Sources */,
				F98EDCC91F518DBF009A518F /* collision.cpp in Sources */,
				F98EDCF91F518F43009A518F /* loadjpeg_linux.cpp in Sources */,
				F98EDCBD1F518DBF009A518F /* bspfile.cpp in Sources */,
				F98EDCC61F518DBF009A518F /* enveffect.cpp in Sources */,
				F98EDCA41F518DBF009A518F /* menu.cpp in Sources */,
				F98EDCC31F518DBF009A518F /* physic.cpp in Sources */,
				F98EDCB61F518DBF009A518F /* textdraw.cpp in Sources */,
				F98EDCAF1F518DBF009A518F /* frustrum.cpp in Sources */,
				F98EDCB41F518DBF009A518F /* jpeg.cpp in Sources */,
				F98EDCCE1F518DBF009A518F /* demo.cpp in Sources */,
				F98EDCB31F518DBF009A518F /* player.cpp in Sources */,
				F98EDCAD1F518DBF009A518F /* game.cpp in Sources */,
				F98EDCC41F518DBF009A518F /* ellipsoide.cpp in Sources */,
				F98EDCC51F518DBF009A518F /* menu_sel.cpp in Sources */,
				F98EDCC81F518DBF009A518F /* opengl.cpp in Sources */,
				F98EDCA61F518DBF009A518F /* monster.cpp in Sources */,
				F98EDCAC1F518DBF009A518F /* script.cpp in Sources */,
				F98EDCB91F518DBF009A518F /* sorting.cpp in Sources */,
				F98EDCC21F518DBF009A518F /* timer.cpp in Sources */,
				F98EDCBB1F518DBF009A518F /* image.cpp in Sources */,
				F98EDCA51F518DBF009A518F /* display.cpp in Sources */,
				F98EDCC11F518DBF009A518F /* mskmodel.cpp in Sources */,
				F98EDCBC1F518DBF009A518F /* objet.cpp in Sources */,
				F98EDCA21F518DBF009A518F /* story.cpp in Sources */,
				F98EDCBE1F518DBF009A518F /* gameover.cpp in Sources */,
				F98EDCC01F518DBF009A518F /* alloween.cpp in Sources */,
				F98EDC9F1F518DBF009A518F /* shader.cpp in Sources */,
				F98EDCBA1F518DBF009A518F /* filesys.cpp in Sources */,
				F98EDCAE1F518DBF009A518F /* objet_proc.cpp in Sources */,
				F98EDCB01F518DBF009A518F /* camera.cpp in Sources */,
				F98EDCF41F518F16009A518F /* halloween_linux.cpp in Sources */,
				F98EDB9C1F518CC3009A518F /* main.cpp in Sources */,
				F98EDCA01F518DBF009A518F /* menu_init.cpp in Sources */,
				F98EDCD11F518DBF009A518F /* liste.cpp in Sources */,
				F98EDCA11F518DBF009A518F /* console.cpp in Sources */,
				F98EDCA71F518DBF009A518F /* bsptree.cpp in Sources */,
				F98EDCCD1F518DBF009A518F /* interface.cpp in Sources */,
			);
			runOnlyForDeploymentPostprocessing = 0;
		};
/* End PBXSourcesBuildPhase section */

/* Begin XCBuildConfiguration section */
		F98EDB911F518C2D009A518F /* Debug */ = {
			isa = XCBuildConfiguration;
			buildSettings = {
				ALWAYS_SEARCH_USER_PATHS = NO;
				CLANG_ANALYZER_NONNULL = YES;
				CLANG_ANALYZER_NUMBER_OBJECT_CONVERSION = YES_AGGRESSIVE;
				CLANG_CXX_LANGUAGE_STANDARD = "gnu++14";
				CLANG_CXX_LIBRARY = "libc++";
				CLANG_ENABLE_MODULES = YES;
				CLANG_ENABLE_OBJC_ARC = YES;
				CLANG_WARN_BLOCK_CAPTURE_AUTORELEASING = YES;
				CLANG_WARN_BOOL_CONVERSION = YES;
				CLANG_WARN_COMMA = YES;
				CLANG_WARN_CONSTANT_CONVERSION = YES;
				CLANG_WARN_DIRECT_OBJC_ISA_USAGE = YES_ERROR;
				CLANG_WARN_DOCUMENTATION_COMMENTS = YES;
				CLANG_WARN_EMPTY_BODY = YES;
				CLANG_WARN_ENUM_CONVERSION = YES;
				CLANG_WARN_INFINITE_RECURSION = YES;
				CLANG_WARN_INT_CONVERSION = YES;
				CLANG_WARN_NON_LITERAL_NULL_CONVERSION = YES;
				CLANG_WARN_OBJC_LITERAL_CONVERSION = YES;
				CLANG_WARN_OBJC_ROOT_CLASS = YES_ERROR;
				CLANG_WARN_RANGE_LOOP_ANALYSIS = YES;
				CLANG_WARN_STRICT_PROTOTYPES = YES;
				CLANG_WARN_SUSPICIOUS_MOVE = YES;
				CLANG_WARN_UNGUARDED_AVAILABILITY = YES_AGGRESSIVE;
				CLANG_WARN_UNREACHABLE_CODE = YES;
				CLANG_WARN__DUPLICATE_METHOD_MATCH = YES;
				CODE_SIGN_IDENTITY = "Mac Developer";
				COPY_PHASE_STRIP = NO;
				DEBUG_INFORMATION_FORMAT = dwarf;
				ENABLE_STRICT_OBJC_MSGSEND = YES;
				ENABLE_TESTABILITY = YES;
				GCC_C_LANGUAGE_STANDARD = gnu11;
				GCC_DYNAMIC_NO_PIC = NO;
				GCC_NO_COMMON_BLOCKS = YES;
				GCC_OPTIMIZATION_LEVEL = 0;
				GCC_PREPROCESSOR_DEFINITIONS = (
					"DEBUG=1",
					"$(inherited)",
				);
				GCC_WARN_64_TO_32_BIT_CONVERSION = YES;
				GCC_WARN_ABOUT_RETURN_TYPE = YES_ERROR;
				GCC_WARN_UNDECLARED_SELECTOR = YES;
				GCC_WARN_UNINITIALIZED_AUTOS = YES_AGGRESSIVE;
				GCC_WARN_UNUSED_FUNCTION = YES;
				GCC_WARN_UNUSED_VARIABLE = YES;
				MACOSX_DEPLOYMENT_TARGET = 10.12;
				MTL_ENABLE_DEBUG_INFO = YES;
				ONLY_ACTIVE_ARCH = YES;
				SDKROOT = macosx;
			};
			name = Debug;
		};
		F98EDB921F518C2D009A518F /* Release */ = {
			isa = XCBuildConfiguration;
			buildSettings = {
				ALWAYS_SEARCH_USER_PATHS = NO;
				CLANG_ANALYZER_NONNULL = YES;
				CLANG_ANALYZER_NUMBER_OBJECT_CONVERSION = YES_AGGRESSIVE;
				CLANG_CXX_LANGUAGE_STANDARD = "gnu++14";
				CLANG_CXX_LIBRARY = "libc++";
				CLANG_ENABLE_MODULES = YES;
				CLANG_ENABLE_OBJC_ARC = YES;
				CLANG_WARN_BLOCK_CAPTURE_AUTORELEASING = YES;
				CLANG_WARN_BOOL_CONVERSION = YES;
				CLANG_WARN_COMMA = YES;
				CLANG_WARN_CONSTANT_CONVERSION = YES;
				CLANG_WARN_DIRECT_OBJC_ISA_USAGE = YES_ERROR;
				CLANG_WARN_DOCUMENTATION_COMMENTS = YES;
				CLANG_WARN_EMPTY_BODY = YES;
				CLANG_WARN_ENUM_CONVERSION = YES;
				CLANG_WARN_INFINITE_RECURSION = YES;
				CLANG_WARN_INT_CONVERSION = YES;
				CLANG_WARN_NON_LITERAL_NULL_CONVERSION = YES;
				CLANG_WARN_OBJC_LITERAL_CONVERSION = YES;
				CLANG_WARN_OBJC_ROOT_CLASS = YES_ERROR;
				CLANG_WARN_RANGE_LOOP_ANALYSIS = YES;
				CLANG_WARN_STRICT_PROTOTYPES = YES;
				CLANG_WARN_SUSPICIOUS_MOVE = YES;
				CLANG_WARN_UNGUARDED_AVAILABILITY = YES_AGGRESSIVE;
				CLANG_WARN_UNREACHABLE_CODE = YES;
				CLANG_WARN__DUPLICATE_METHOD_MATCH = YES;
				CODE_SIGN_IDENTITY = "Mac Developer";
				COPY_PHASE_STRIP = NO;
				DEBUG_INFORMATION_FORMAT = "dwarf-with-dsym";
				ENABLE_NS_ASSERTIONS = NO;
				ENABLE_STRICT_OBJC_MSGSEND = YES;
				GCC_C_LANGUAGE_STANDARD = gnu11;
				GCC_NO_COMMON_BLOCKS = YES;
				GCC_WARN_64_TO_32_BIT_CONVERSION = YES;
				GCC_WARN_ABOUT_RETURN_TYPE = YES_ERROR;
				GCC_WARN_UNDECLARED_SELECTOR = YES;
				GCC_WARN_UNINITIALIZED_AUTOS = YES_AGGRESSIVE;
				GCC_WARN_UNUSED_FUNCTION = YES;
				GCC_WARN_UNUSED_VARIABLE = YES;
				MACOSX_DEPLOYMENT_TARGET = 10.12;
				MTL_ENABLE_DEBUG_INFO = NO;
				SDKROOT = macosx;
			};
			name = Release;
		};
		F98EDB941F518C2D009A518F /* Debug */ = {
			isa = XCBuildConfiguration;
			buildSettings = {
				CODE_SIGN_STYLE = Automatic;
				DEVELOPMENT_TEAM = 6CZ5X85785;
				HEADER_SEARCH_PATHS = (
					../,
					../misc/,
				);
				LIBRARY_SEARCH_PATHS = "";
				PRODUCT_NAME = "$(TARGET_NAME)";
			};
			name = Debug;
		};
		F98EDB951F518C2D009A518F /* Release */ = {
			isa = XCBuildConfiguration;
			buildSettings = {
				CODE_SIGN_STYLE = Automatic;
				DEVELOPMENT_TEAM = 6CZ5X85785;
				HEADER_SEARCH_PATHS = (
					../,
					../misc/,
				);
				LIBRARY_SEARCH_PATHS = "";
				PRODUCT_NAME = "$(TARGET_NAME)";
			};
			name = Release;
		};
/* End XCBuildConfiguration section */

/* Begin XCConfigurationList section */
		F98EDB871F518C2D009A518F /* Build configuration list for PBXProject "Halloween3D" */ = {
			isa = XCConfigurationList;
			buildConfigurations = (
				F98EDB911F518C2D009A518F /* Debug */,
				F98EDB921F518C2D009A518F /* Release */,
			);
			defaultConfigurationIsVisible = 0;
			defaultConfigurationName = Release;
		};
		F98EDB931F518C2D009A518F /* Build configuration list for PBXNativeTarget "Halloween3D" */ = {
			isa = XCConfigurationList;
			buildConfigurations = (
				F98EDB941F518C2D009A518F /* Debug */,
				F98EDB951F518C2D009A518F /* Release */,
			);
			defaultConfigurationIsVisible = 0;
			defaultConfigurationName = Release;
		};
/* End XCConfigurationList section */
	};
	rootObject = F98EDB841F518C2D009A518F /* Project object */;
}
